
Microsoft Visual Studio Solution File, Format Version 12.00
# Visual Studio Version 16
VisualStudioVersion = 16.0.29609.76
MinimumVisualStudioVersion = 10.0.40219.1
Project("{9A19103F-16F7-4668-BE54-9A1E7A4F7556}") = "KampIntro", "KampIntro\KampIntro.csproj", "{77661970-D973-4270-A264-20F5CC91317F}"
EndProject
Project("{9A19103F-16F7-4668-BE54-9A1E7A4F7556}") = "Donguler", "Donguler\Donguler.csproj", "{0CACBE16-8FD9-4888-BDD7-8D709C74ED7B}"
EndProject
Project("{9A19103F-16F7-4668-BE54-9A1E7A4F7556}") = "ClassIntro", "ClassIntro\ClassIntro.csproj", "{3F67DE99-9CB3-4DE0-81BE-F9D29492033D}"
EndProject
Project("{9A19103F-16F7-4668-BE54-9A1E7A4F7556}") = "Methodlar", "Methodlar\Methodlar.csproj", "{471359DA-945A-4C28-9050-464A6ED4B50E}"
EndProject
Project("{9A19103F-16F7-4668-BE54-9A1E7A4F7556}") = "Matematik", "Matematik\Matematik.csproj", "{4ED6F4EC-6012-4C2C-9627-98C1D10E9D7E}"
EndProject
Project("{9A19103F-16F7-4668-BE54-9A1E7A4F7556}") = "DegerVeReferansTipler", "DegerVeReferansTipler\DegerVeReferansTipler.csproj", "{9C15B558-7EB0-478C-9A22-CF6CCA967FEA}"
EndProject
Project("{FAE04EC0-301F-11D3-BF4B-00C04F79EFBC}") = "OOP1", "OOP1\OOP1.csproj", "{89EC4123-38C7-4AD5-A36D-4D0099F833B3}"
EndProject
Project("{FAE04EC0-301F-11D3-BF4B-00C04F79EFBC}") = "Collections", "Collections\Collections.csproj", "{00412D7D-1816-47D3-9954-E0FCAA8DBFA0}"
EndProject
Project("{FAE04EC0-301F-11D3-BF4B-00C04F79EFBC}") = "GenericsIntro", "GenericsIntro\GenericsIntro.csproj", "{38E4222C-1437-4DDC-806F-A7B4D2BFC570}"
EndProject
Global
	GlobalSection(SolutionConfigurationPlatforms) = preSolution
		Debug|Any CPU = Debug|Any CPU
		Release|Any CPU = Release|Any CPU
	EndGlobalSection
	GlobalSection(ProjectConfigurationPlatforms) = postSolution
		{77661970-D973-4270-A264-20F5CC91317F}.Debug|Any CPU.ActiveCfg = Debug|Any CPU
		{77661970-D973-4270-A264-20F5CC91317F}.Debug|Any CPU.Build.0 = Debug|Any CPU
		{77661970-D973-4270-A264-20F5CC91317F}.Release|Any CPU.ActiveCfg = Release|Any CPU
		{77661970-D973-4270-A264-20F5CC91317F}.Release|Any CPU.Build.0 = Release|Any CPU
		{0CACBE16-8FD9-4888-BDD7-8D709C74ED7B}.Debug|Any CPU.ActiveCfg = Debug|Any CPU
		{0CACBE16-8FD9-4888-BDD7-8D709C74ED7B}.Debug|Any CPU.Build.0 = Debug|Any CPU
		{0CACBE16-8FD9-4888-BDD7-8D709C74ED7B}.Release|Any CPU.ActiveCfg = Release|Any CPU
		{0CACBE16-8FD9-4888-BDD7-8D709C74ED7B}.Release|Any CPU.Build.0 = Release|Any CPU
		{3F67DE99-9CB3-4DE0-81BE-F9D29492033D}.Debug|Any CPU.ActiveCfg = Debug|Any CPU
		{3F67DE99-9CB3-4DE0-81BE-F9D29492033D}.Debug|Any CPU.Build.0 = Debug|Any CPU
		{3F67DE99-9CB3-4DE0-81BE-F9D29492033D}.Release|Any CPU.ActiveCfg = Release|Any CPU
		{3F67DE99-9CB3-4DE0-81BE-F9D29492033D}.Release|Any CPU.Build.0 = Release|Any CPU
		{471359DA-945A-4C28-9050-464A6ED4B50E}.Debug|Any CPU.ActiveCfg = Debug|Any CPU
		{471359DA-945A-4C28-9050-464A6ED4B50E}.Debug|Any CPU.Build.0 = Debug|Any CPU
		{471359DA-945A-4C28-9050-464A6ED4B50E}.Release|Any CPU.ActiveCfg = Release|Any CPU
		{471359DA-945A-4C28-9050-464A6ED4B50E}.Release|Any CPU.Build.0 = Release|Any CPU
		{4ED6F4EC-6012-4C2C-9627-98C1D10E9D7E}.Debug|Any CPU.ActiveCfg = Debug|Any CPU
		{4ED6F4EC-6012-4C2C-9627-98C1D10E9D7E}.Debug|Any CPU.Build.0 = Debug|Any CPU
		{4ED6F4EC-6012-4C2C-9627-98C1D10E9D7E}.Release|Any CPU.ActiveCfg = Release|Any CPU
		{4ED6F4EC-6012-4C2C-9627-98C1D10E9D7E}.Release|Any CPU.Build.0 = Release|Any CPU
		{9C15B558-7EB0-478C-9A22-CF6CCA967FEA}.Debug|Any CPU.ActiveCfg = Debug|Any CPU
		{9C15B558-7EB0-478C-9A22-CF6CCA967FEA}.Debug|Any CPU.Build.0 = Debug|Any CPU
		{9C15B558-7EB0-478C-9A22-CF6CCA967FEA}.Release|Any CPU.ActiveCfg = Release|Any CPU
		{9C15B558-7EB0-478C-9A22-CF6CCA967FEA}.Release|Any CPU.Build.0 = Release|Any CPU
		{89EC4123-38C7-4AD5-A36D-4D0099F833B3}.Debug|Any CPU.ActiveCfg = Debug|Any CPU
		{89EC4123-38C7-4AD5-A36D-4D0099F833B3}.Debug|Any CPU.Build.0 = Debug|Any CPU
		{89EC4123-38C7-4AD5-A36D-4D0099F833B3}.Release|Any CPU.ActiveCfg = Release|Any CPU
		{89EC4123-38C7-4AD5-A36D-4D0099F833B3}.Release|Any CPU.Build.0 = Release|Any CPU
		{00412D7D-1816-47D3-9954-E0FCAA8DBFA0}.Debug|Any CPU.ActiveCfg = Debug|Any CPU
		{00412D7D-1816-47D3-9954-E0FCAA8DBFA0}.Debug|Any CPU.Build.0 = Debug|Any CPU
		{00412D7D-1816-47D3-9954-E0FCAA8DBFA0}.Release|Any CPU.ActiveCfg = Release|Any CPU
		{00412D7D-1816-47D3-9954-E0FCAA8DBFA0}.Release|Any CPU.Build.0 = Release|Any CPU
		{38E4222C-1437-4DDC-806F-A7B4D2BFC570}.Debug|Any CPU.ActiveCfg = Debug|Any CPU
		{38E4222C-1437-4DDC-806F-A7B4D2BFC570}.Debug|Any CPU.Build.0 = Debug|Any CPU
		{38E4222C-1437-4DDC-806F-A7B4D2BFC570}.Release|Any CPU.ActiveCfg = Release|Any CPU
		{38E4222C-1437-4DDC-806F-A7B4D2BFC570}.Release|Any CPU.Build.0 = Release|Any CPU
	EndGlobalSection
	GlobalSection(SolutionProperties) = preSolution
		HideSolutionNode = FALSE
	EndGlobalSection
	GlobalSection(ExtensibilityGlobals) = postSolution
		SolutionGuid = {6575F06E-647F-4FC3-BABE-3C3F7B534952}
	EndGlobalSection
EndGlobal
